
Microsoft Visual Studio Solution File, Format Version 12.00
# Visual Studio 14
VisualStudioVersion = 14.0.25123.0
MinimumVisualStudioVersion = 10.0.40219.1
Project("{FAE04EC0-301F-11D3-BF4B-00C04F79EFBC}") = "XamTest1", "XamTest1\XamTest1\XamTest1.csproj", "{6EBE2AE6-03B5-4500-96F0-80153317D103}"
EndProject
Project("{FAE04EC0-301F-11D3-BF4B-00C04F79EFBC}") = "XamTest1.Droid", "XamTest1\XamTest1.Droid\XamTest1.Droid.csproj", "{8557B754-0656-45A0-AB3E-C35E5664E9F1}"
EndProject
Project("{FAE04EC0-301F-11D3-BF4B-00C04F79EFBC}") = "XamTest1.iOS", "XamTest1\XamTest1.iOS\XamTest1.iOS.csproj", "{CDC991C3-DF70-4B13-9C46-18699D21F115}"
EndProject
Project("{FAE04EC0-301F-11D3-BF4B-00C04F79EFBC}") = "XamTest1.UWP", "XamTest1\XamTest1.UWP\XamTest1.UWP.csproj", "{A9690904-EC23-4ED2-A7E9-635B4C44BB53}"
EndProject
Project("{FAE04EC0-301F-11D3-BF4B-00C04F79EFBC}") = "XamTest1.Windows", "XamTest1\XamTest1.Windows\XamTest1.Windows.csproj", "{D390A0C9-7A66-40A1-953F-6833C2E860E2}"
EndProject
Project("{FAE04EC0-301F-11D3-BF4B-00C04F79EFBC}") = "XamTest1.WinPhone", "XamTest1\XamTest1.WinPhone\XamTest1.WinPhone.csproj", "{07958752-F61F-40A8-A18E-CB82DB17880B}"
EndProject
Global
	GlobalSection(SolutionConfigurationPlatforms) = preSolution
		Ad-Hoc|Any CPU = Ad-Hoc|Any CPU
		Ad-Hoc|ARM = Ad-Hoc|ARM
		Ad-Hoc|iPhone = Ad-Hoc|iPhone
		Ad-Hoc|iPhoneSimulator = Ad-Hoc|iPhoneSimulator
		Ad-Hoc|x64 = Ad-Hoc|x64
		Ad-Hoc|x86 = Ad-Hoc|x86
		AppStore|Any CPU = AppStore|Any CPU
		AppStore|ARM = AppStore|ARM
		AppStore|iPhone = AppStore|iPhone
		AppStore|iPhoneSimulator = AppStore|iPhoneSimulator
		AppStore|x64 = AppStore|x64
		AppStore|x86 = AppStore|x86
		Debug|Any CPU = Debug|Any CPU
		Debug|ARM = Debug|ARM
		Debug|iPhone = Debug|iPhone
		Debug|iPhoneSimulator = Debug|iPhoneSimulator
		Debug|x64 = Debug|x64
		Debug|x86 = Debug|x86
		Release|Any CPU = Release|Any CPU
		Release|ARM = Release|ARM
		Release|iPhone = Release|iPhone
		Release|iPhoneSimulator = Release|iPhoneSimulator
		Release|x64 = Release|x64
		Release|x86 = Release|x86
	EndGlobalSection
	GlobalSection(ProjectConfigurationPlatforms) = postSolution
		{6EBE2AE6-03B5-4500-96F0-80153317D103}.Ad-Hoc|Any CPU.ActiveCfg = Release|Any CPU
		{6EBE2AE6-03B5-4500-96F0-80153317D103}.Ad-Hoc|Any CPU.Build.0 = Release|Any CPU
		{6EBE2AE6-03B5-4500-96F0-80153317D103}.Ad-Hoc|ARM.ActiveCfg = Release|Any CPU
		{6EBE2AE6-03B5-4500-96F0-80153317D103}.Ad-Hoc|ARM.Build.0 = Release|Any CPU
		{6EBE2AE6-03B5-4500-96F0-80153317D103}.Ad-Hoc|iPhone.ActiveCfg = Release|Any CPU
		{6EBE2AE6-03B5-4500-96F0-80153317D103}.Ad-Hoc|iPhone.Build.0 = Release|Any CPU
		{6EBE2AE6-03B5-4500-96F0-80153317D103}.Ad-Hoc|iPhoneSimulator.ActiveCfg = Release|Any CPU
		{6EBE2AE6-03B5-4500-96F0-80153317D103}.Ad-Hoc|iPhoneSimulator.Build.0 = Release|Any CPU
		{6EBE2AE6-03B5-4500-96F0-80153317D103}.Ad-Hoc|x64.ActiveCfg = Release|Any CPU
		{6EBE2AE6-03B5-4500-96F0-80153317D103}.Ad-Hoc|x64.Build.0 = Release|Any CPU
		{6EBE2AE6-03B5-4500-96F0-80153317D103}.Ad-Hoc|x86.ActiveCfg = Release|Any CPU
		{6EBE2AE6-03B5-4500-96F0-80153317D103}.Ad-Hoc|x86.Build.0 = Release|Any CPU
		{6EBE2AE6-03B5-4500-96F0-80153317D103}.AppStore|Any CPU.ActiveCfg = Release|Any CPU
		{6EBE2AE6-03B5-4500-96F0-80153317D103}.AppStore|Any CPU.Build.0 = Release|Any CPU
		{6EBE2AE6-03B5-4500-96F0-80153317D103}.AppStore|ARM.ActiveCfg = Release|Any CPU
		{6EBE2AE6-03B5-4500-96F0-80153317D103}.AppStore|ARM.Build.0 = Release|Any CPU
		{6EBE2AE6-03B5-4500-96F0-80153317D103}.AppStore|iPhone.ActiveCfg = Release|Any CPU
		{6EBE2AE6-03B5-4500-96F0-80153317D103}.AppStore|iPhone.Build.0 = Release|Any CPU
		{6EBE2AE6-03B5-4500-96F0-80153317D103}.AppStore|iPhoneSimulator.ActiveCfg = Release|Any CPU
		{6EBE2AE6-03B5-4500-96F0-80153317D103}.AppStore|iPhoneSimulator.Build.0 = Release|Any CPU
		{6EBE2AE6-03B5-4500-96F0-80153317D103}.AppStore|x64.ActiveCfg = Release|Any CPU
		{6EBE2AE6-03B5-4500-96F0-80153317D103}.AppStore|x64.Build.0 = Release|Any CPU
		{6EBE2AE6-03B5-4500-96F0-80153317D103}.AppStore|x86.ActiveCfg = Release|Any CPU
		{6EBE2AE6-03B5-4500-96F0-80153317D103}.AppStore|x86.Build.0 = Release|Any CPU
		{6EBE2AE6-03B5-4500-96F0-80153317D103}.Debug|Any CPU.ActiveCfg = Debug|Any CPU
		{6EBE2AE6-03B5-4500-96F0-80153317D103}.Debug|Any CPU.Build.0 = Debug|Any CPU
		{6EBE2AE6-03B5-4500-96F0-80153317D103}.Debug|ARM.ActiveCfg = Debug|Any CPU
		{6EBE2AE6-03B5-4500-96F0-80153317D103}.Debug|ARM.Build.0 = Debug|Any CPU
		{6EBE2AE6-03B5-4500-96F0-80153317D103}.Debug|iPhone.ActiveCfg = Debug|Any CPU
		{6EBE2AE6-03B5-4500-96F0-80153317D103}.Debug|iPhone.Build.0 = Debug|Any CPU
		{6EBE2AE6-03B5-4500-96F0-80153317D103}.Debug|iPhoneSimulator.ActiveCfg = Debug|Any CPU
		{6EBE2AE6-03B5-4500-96F0-80153317D103}.Debug|iPhoneSimulator.Build.0 = Debug|Any CPU
		{6EBE2AE6-03B5-4500-96F0-80153317D103}.Debug|x64.ActiveCfg = Debug|Any CPU
		{6EBE2AE6-03B5-4500-96F0-80153317D103}.Debug|x64.Build.0 = Debug|Any CPU
		{6EBE2AE6-03B5-4500-96F0-80153317D103}.Debug|x86.ActiveCfg = Debug|Any CPU
		{6EBE2AE6-03B5-4500-96F0-80153317D103}.Debug|x86.Build.0 = Debug|Any CPU
		{6EBE2AE6-03B5-4500-96F0-80153317D103}.Release|Any CPU.ActiveCfg = Release|Any CPU
		{6EBE2AE6-03B5-4500-96F0-80153317D103}.Release|Any CPU.Build.0 = Release|Any CPU
		{6EBE2AE6-03B5-4500-96F0-80153317D103}.Release|ARM.ActiveCfg = Release|Any CPU
		{6EBE2AE6-03B5-4500-96F0-80153317D103}.Release|ARM.Build.0 = Release|Any CPU
		{6EBE2AE6-03B5-4500-96F0-80153317D103}.Release|iPhone.ActiveCfg = Release|Any CPU
		{6EBE2AE6-03B5-4500-96F0-80153317D103}.Release|iPhone.Build.0 = Release|Any CPU
		{6EBE2AE6-03B5-4500-96F0-80153317D103}.Release|iPhoneSimulator.ActiveCfg = Release|Any CPU
		{6EBE2AE6-03B5-4500-96F0-80153317D103}.Release|iPhoneSimulator.Build.0 = Release|Any CPU
		{6EBE2AE6-03B5-4500-96F0-80153317D103}.Release|x64.ActiveCfg = Release|Any CPU
		{6EBE2AE6-03B5-4500-96F0-80153317D103}.Release|x64.Build.0 = Release|Any CPU
		{6EBE2AE6-03B5-4500-96F0-80153317D103}.Release|x86.ActiveCfg = Release|Any CPU
		{6EBE2AE6-03B5-4500-96F0-80153317D103}.Release|x86.Build.0 = Release|Any CPU
		{8557B754-0656-45A0-AB3E-C35E5664E9F1}.Ad-Hoc|Any CPU.ActiveCfg = Release|Any CPU
		{8557B754-0656-45A0-AB3E-C35E5664E9F1}.Ad-Hoc|Any CPU.Build.0 = Release|Any CPU
		{8557B754-0656-45A0-AB3E-C35E5664E9F1}.Ad-Hoc|Any CPU.Deploy.0 = Release|Any CPU
		{8557B754-0656-45A0-AB3E-C35E5664E9F1}.Ad-Hoc|ARM.ActiveCfg = Release|Any CPU
		{8557B754-0656-45A0-AB3E-C35E5664E9F1}.Ad-Hoc|ARM.Build.0 = Release|Any CPU
		{8557B754-0656-45A0-AB3E-C35E5664E9F1}.Ad-Hoc|ARM.Deploy.0 = Release|Any CPU
		{8557B754-0656-45A0-AB3E-C35E5664E9F1}.Ad-Hoc|iPhone.ActiveCfg = Release|Any CPU
		{8557B754-0656-45A0-AB3E-C35E5664E9F1}.Ad-Hoc|iPhone.Build.0 = Release|Any CPU
		{8557B754-0656-45A0-AB3E-C35E5664E9F1}.Ad-Hoc|iPhone.Deploy.0 = Release|Any CPU
		{8557B754-0656-45A0-AB3E-C35E5664E9F1}.Ad-Hoc|iPhoneSimulator.ActiveCfg = Release|Any CPU
		{8557B754-0656-45A0-AB3E-C35E5664E9F1}.Ad-Hoc|iPhoneSimulator.Build.0 = Release|Any CPU
		{8557B754-0656-45A0-AB3E-C35E5664E9F1}.Ad-Hoc|iPhoneSimulator.Deploy.0 = Release|Any CPU
		{8557B754-0656-45A0-AB3E-C35E5664E9F1}.Ad-Hoc|x64.ActiveCfg = Release|Any CPU
		{8557B754-0656-45A0-AB3E-C35E5664E9F1}.Ad-Hoc|x64.Build.0 = Release|Any CPU
		{8557B754-0656-45A0-AB3E-C35E5664E9F1}.Ad-Hoc|x64.Deploy.0 = Release|Any CPU
		{8557B754-0656-45A0-AB3E-C35E5664E9F1}.Ad-Hoc|x86.ActiveCfg = Release|Any CPU
		{8557B754-0656-45A0-AB3E-C35E5664E9F1}.Ad-Hoc|x86.Build.0 = Release|Any CPU
		{8557B754-0656-45A0-AB3E-C35E5664E9F1}.Ad-Hoc|x86.Deploy.0 = Release|Any CPU
		{8557B754-0656-45A0-AB3E-C35E5664E9F1}.AppStore|Any CPU.ActiveCfg = Release|Any CPU
		{8557B754-0656-45A0-AB3E-C35E5664E9F1}.AppStore|Any CPU.Build.0 = Release|Any CPU
		{8557B754-0656-45A0-AB3E-C35E5664E9F1}.AppStore|Any CPU.Deploy.0 = Release|Any CPU
		{8557B754-0656-45A0-AB3E-C35E5664E9F1}.AppStore|ARM.ActiveCfg = Release|Any CPU
		{8557B754-0656-45A0-AB3E-C35E5664E9F1}.AppStore|ARM.Build.0 = Release|Any CPU
		{8557B754-0656-45A0-AB3E-C35E5664E9F1}.AppStore|ARM.Deploy.0 = Release|Any CPU
		{8557B754-0656-45A0-AB3E-C35E5664E9F1}.AppStore|iPhone.ActiveCfg = Release|Any CPU
		{8557B754-0656-45A0-AB3E-C35E5664E9F1}.AppStore|iPhone.Build.0 = Release|Any CPU
		{8557B754-0656-45A0-AB3E-C35E5664E9F1}.AppStore|iPhone.Deploy.0 = Release|Any CPU
		{8557B754-0656-45A0-AB3E-C35E5664E9F1}.AppStore|iPhoneSimulator.ActiveCfg = Release|Any CPU
		{8557B754-0656-45A0-AB3E-C35E5664E9F1}.AppStore|iPhoneSimulator.Build.0 = Release|Any CPU
		{8557B754-0656-45A0-AB3E-C35E5664E9F1}.AppStore|iPhoneSimulator.Deploy.0 = Release|Any CPU
		{8557B754-0656-45A0-AB3E-C35E5664E9F1}.AppStore|x64.ActiveCfg = Release|Any CPU
		{8557B754-0656-45A0-AB3E-C35E5664E9F1}.AppStore|x64.Build.0 = Release|Any CPU
		{8557B754-0656-45A0-AB3E-C35E5664E9F1}.AppStore|x64.Deploy.0 = Release|Any CPU
		{8557B754-0656-45A0-AB3E-C35E5664E9F1}.AppStore|x86.ActiveCfg = Release|Any CPU
		{8557B754-0656-45A0-AB3E-C35E5664E9F1}.AppStore|x86.Build.0 = Release|Any CPU
		{8557B754-0656-45A0-AB3E-C35E5664E9F1}.AppStore|x86.Deploy.0 = Release|Any CPU
		{8557B754-0656-45A0-AB3E-C35E5664E9F1}.Debug|Any CPU.ActiveCfg = Debug|Any CPU
		{8557B754-0656-45A0-AB3E-C35E5664E9F1}.Debug|Any CPU.Build.0 = Debug|Any CPU
		{8557B754-0656-45A0-AB3E-C35E5664E9F1}.Debug|Any CPU.Deploy.0 = Debug|Any CPU
		{8557B754-0656-45A0-AB3E-C35E5664E9F1}.Debug|ARM.ActiveCfg = Debug|Any CPU
		{8557B754-0656-45A0-AB3E-C35E5664E9F1}.Debug|ARM.Build.0 = Debug|Any CPU
		{8557B754-0656-45A0-AB3E-C35E5664E9F1}.Debug|ARM.Deploy.0 = Debug|Any CPU
		{8557B754-0656-45A0-AB3E-C35E5664E9F1}.Debug|iPhone.ActiveCfg = Debug|Any CPU
		{8557B754-0656-45A0-AB3E-C35E5664E9F1}.Debug|iPhone.Build.0 = Debug|Any CPU
		{8557B754-0656-45A0-AB3E-C35E5664E9F1}.Debug|iPhone.Deploy.0 = Debug|Any CPU
		{8557B754-0656-45A0-AB3E-C35E5664E9F1}.Debug|iPhoneSimulator.ActiveCfg = Debug|Any CPU
		{8557B754-0656-45A0-AB3E-C35E5664E9F1}.Debug|iPhoneSimulator.Build.0 = Debug|Any CPU
		{8557B754-0656-45A0-AB3E-C35E5664E9F1}.Debug|iPhoneSimulator.Deploy.0 = Debug|Any CPU
		{8557B754-0656-45A0-AB3E-C35E5664E9F1}.Debug|x64.ActiveCfg = Debug|Any CPU
		{8557B754-0656-45A0-AB3E-C35E5664E9F1}.Debug|x64.Build.0 = Debug|Any CPU
		{8557B754-0656-45A0-AB3E-C35E5664E9F1}.Debug|x64.Deploy.0 = Debug|Any CPU
		{8557B754-0656-45A0-AB3E-C35E5664E9F1}.Debug|x86.ActiveCfg = Debug|Any CPU
		{8557B754-0656-45A0-AB3E-C35E5664E9F1}.Debug|x86.Build.0 = Debug|Any CPU
		{8557B754-0656-45A0-AB3E-C35E5664E9F1}.Debug|x86.Deploy.0 = Debug|Any CPU
		{8557B754-0656-45A0-AB3E-C35E5664E9F1}.Release|Any CPU.ActiveCfg = Release|Any CPU
		{8557B754-0656-45A0-AB3E-C35E5664E9F1}.Release|Any CPU.Build.0 = Release|Any CPU
		{8557B754-0656-45A0-AB3E-C35E5664E9F1}.Release|Any CPU.Deploy.0 = Release|Any CPU
		{8557B754-0656-45A0-AB3E-C35E5664E9F1}.Release|ARM.ActiveCfg = Release|Any CPU
		{8557B754-0656-45A0-AB3E-C35E5664E9F1}.Release|ARM.Build.0 = Release|Any CPU
		{8557B754-0656-45A0-AB3E-C35E5664E9F1}.Release|ARM.Deploy.0 = Release|Any CPU
		{8557B754-0656-45A0-AB3E-C35E5664E9F1}.Release|iPhone.ActiveCfg = Release|Any CPU
		{8557B754-0656-45A0-AB3E-C35E5664E9F1}.Release|iPhone.Build.0 = Release|Any CPU
		{8557B754-0656-45A0-AB3E-C35E5664E9F1}.Release|iPhone.Deploy.0 = Release|Any CPU
		{8557B754-0656-45A0-AB3E-C35E5664E9F1}.Release|iPhoneSimulator.ActiveCfg = Release|Any CPU
		{8557B754-0656-45A0-AB3E-C35E5664E9F1}.Release|iPhoneSimulator.Build.0 = Release|Any CPU
		{8557B754-0656-45A0-AB3E-C35E5664E9F1}.Release|iPhoneSimulator.Deploy.0 = Release|Any CPU
		{8557B754-0656-45A0-AB3E-C35E5664E9F1}.Release|x64.ActiveCfg = Release|Any CPU
		{8557B754-0656-45A0-AB3E-C35E5664E9F1}.Release|x64.Build.0 = Release|Any CPU
		{8557B754-0656-45A0-AB3E-C35E5664E9F1}.Release|x64.Deploy.0 = Release|Any CPU
		{8557B754-0656-45A0-AB3E-C35E5664E9F1}.Release|x86.ActiveCfg = Release|Any CPU
		{8557B754-0656-45A0-AB3E-C35E5664E9F1}.Release|x86.Build.0 = Release|Any CPU
		{8557B754-0656-45A0-AB3E-C35E5664E9F1}.Release|x86.Deploy.0 = Release|Any CPU
		{CDC991C3-DF70-4B13-9C46-18699D21F115}.Ad-Hoc|Any CPU.ActiveCfg = Ad-Hoc|iPhone
		{CDC991C3-DF70-4B13-9C46-18699D21F115}.Ad-Hoc|ARM.ActiveCfg = Ad-Hoc|iPhone
		{CDC991C3-DF70-4B13-9C46-18699D21F115}.Ad-Hoc|iPhone.ActiveCfg = Ad-Hoc|iPhone
		{CDC991C3-DF70-4B13-9C46-18699D21F115}.Ad-Hoc|iPhone.Build.0 = Ad-Hoc|iPhone
		{CDC991C3-DF70-4B13-9C46-18699D21F115}.Ad-Hoc|iPhoneSimulator.ActiveCfg = Ad-Hoc|iPhoneSimulator
		{CDC991C3-DF70-4B13-9C46-18699D21F115}.Ad-Hoc|iPhoneSimulator.Build.0 = Ad-Hoc|iPhoneSimulator
		{CDC991C3-DF70-4B13-9C46-18699D21F115}.Ad-Hoc|x64.ActiveCfg = Ad-Hoc|iPhone
		{CDC991C3-DF70-4B13-9C46-18699D21F115}.Ad-Hoc|x86.ActiveCfg = Ad-Hoc|iPhone
		{CDC991C3-DF70-4B13-9C46-18699D21F115}.AppStore|Any CPU.ActiveCfg = AppStore|iPhone
		{CDC991C3-DF70-4B13-9C46-18699D21F115}.AppStore|ARM.ActiveCfg = AppStore|iPhone
		{CDC991C3-DF70-4B13-9C46-18699D21F115}.AppStore|iPhone.ActiveCfg = AppStore|iPhone
		{CDC991C3-DF70-4B13-9C46-18699D21F115}.AppStore|iPhone.Build.0 = AppStore|iPhone
		{CDC991C3-DF70-4B13-9C46-18699D21F115}.AppStore|iPhoneSimulator.ActiveCfg = AppStore|iPhoneSimulator
		{CDC991C3-DF70-4B13-9C46-18699D21F115}.AppStore|iPhoneSimulator.Build.0 = AppStore|iPhoneSimulator
		{CDC991C3-DF70-4B13-9C46-18699D21F115}.AppStore|x64.ActiveCfg = AppStore|iPhone
		{CDC991C3-DF70-4B13-9C46-18699D21F115}.AppStore|x86.ActiveCfg = AppStore|iPhone
		{CDC991C3-DF70-4B13-9C46-18699D21F115}.Debug|Any CPU.ActiveCfg = Debug|iPhone
		{CDC991C3-DF70-4B13-9C46-18699D21F115}.Debug|ARM.ActiveCfg = Debug|iPhone
		{CDC991C3-DF70-4B13-9C46-18699D21F115}.Debug|iPhone.ActiveCfg = Debug|iPhone
		{CDC991C3-DF70-4B13-9C46-18699D21F115}.Debug|iPhone.Build.0 = Debug|iPhone
		{CDC991C3-DF70-4B13-9C46-18699D21F115}.Debug|iPhoneSimulator.ActiveCfg = Debug|iPhoneSimulator
		{CDC991C3-DF70-4B13-9C46-18699D21F115}.Debug|iPhoneSimulator.Build.0 = Debug|iPhoneSimulator
		{CDC991C3-DF70-4B13-9C46-18699D21F115}.Debug|x64.ActiveCfg = Debug|iPhone
		{CDC991C3-DF70-4B13-9C46-18699D21F115}.Debug|x86.ActiveCfg = Debug|iPhone
		{CDC991C3-DF70-4B13-9C46-18699D21F115}.Release|Any CPU.ActiveCfg = Release|iPhone
		{CDC991C3-DF70-4B13-9C46-18699D21F115}.Release|ARM.ActiveCfg = Release|iPhone
		{CDC991C3-DF70-4B13-9C46-18699D21F115}.Release|iPhone.ActiveCfg = Release|iPhone
		{CDC991C3-DF70-4B13-9C46-18699D21F115}.Release|iPhone.Build.0 = Release|iPhone
		{CDC991C3-DF70-4B13-9C46-18699D21F115}.Release|iPhoneSimulator.ActiveCfg = Release|iPhoneSimulator
		{CDC991C3-DF70-4B13-9C46-18699D21F115}.Release|iPhoneSimulator.Build.0 = Release|iPhoneSimulator
		{CDC991C3-DF70-4B13-9C46-18699D21F115}.Release|x64.ActiveCfg = Release|iPhone
		{CDC991C3-DF70-4B13-9C46-18699D21F115}.Release|x86.ActiveCfg = Release|iPhone
		{A9690904-EC23-4ED2-A7E9-635B4C44BB53}.Ad-Hoc|Any CPU.ActiveCfg = Release|x86
		{A9690904-EC23-4ED2-A7E9-635B4C44BB53}.Ad-Hoc|Any CPU.Build.0 = Release|x86
		{A9690904-EC23-4ED2-A7E9-635B4C44BB53}.Ad-Hoc|Any CPU.Deploy.0 = Release|x86
		{A9690904-EC23-4ED2-A7E9-635B4C44BB53}.Ad-Hoc|ARM.ActiveCfg = Release|ARM
		{A9690904-EC23-4ED2-A7E9-635B4C44BB53}.Ad-Hoc|ARM.Build.0 = Release|ARM
		{A9690904-EC23-4ED2-A7E9-635B4C44BB53}.Ad-Hoc|ARM.Deploy.0 = Release|ARM
		{A9690904-EC23-4ED2-A7E9-635B4C44BB53}.Ad-Hoc|iPhone.ActiveCfg = Release|x86
		{A9690904-EC23-4ED2-A7E9-635B4C44BB53}.Ad-Hoc|iPhone.Build.0 = Release|x86
		{A9690904-EC23-4ED2-A7E9-635B4C44BB53}.Ad-Hoc|iPhone.Deploy.0 = Release|x86
		{A9690904-EC23-4ED2-A7E9-635B4C44BB53}.Ad-Hoc|iPhoneSimulator.ActiveCfg = Release|x86
		{A9690904-EC23-4ED2-A7E9-635B4C44BB53}.Ad-Hoc|iPhoneSimulator.Build.0 = Release|x86
		{A9690904-EC23-4ED2-A7E9-635B4C44BB53}.Ad-Hoc|iPhoneSimulator.Deploy.0 = Release|x86
		{A9690904-EC23-4ED2-A7E9-635B4C44BB53}.Ad-Hoc|x64.ActiveCfg = Release|x64
		{A9690904-EC23-4ED2-A7E9-635B4C44BB53}.Ad-Hoc|x64.Build.0 = Release|x64
		{A9690904-EC23-4ED2-A7E9-635B4C44BB53}.Ad-Hoc|x64.Deploy.0 = Release|x64
		{A9690904-EC23-4ED2-A7E9-635B4C44BB53}.Ad-Hoc|x86.ActiveCfg = Release|x86
		{A9690904-EC23-4ED2-A7E9-635B4C44BB53}.Ad-Hoc|x86.Build.0 = Release|x86
		{A9690904-EC23-4ED2-A7E9-635B4C44BB53}.Ad-Hoc|x86.Deploy.0 = Release|x86
		{A9690904-EC23-4ED2-A7E9-635B4C44BB53}.AppStore|Any CPU.ActiveCfg = Release|x86
		{A9690904-EC23-4ED2-A7E9-635B4C44BB53}.AppStore|Any CPU.Build.0 = Release|x86
		{A9690904-EC23-4ED2-A7E9-635B4C44BB53}.AppStore|Any CPU.Deploy.0 = Release|x86
		{A9690904-EC23-4ED2-A7E9-635B4C44BB53}.AppStore|ARM.ActiveCfg = Release|ARM
		{A9690904-EC23-4ED2-A7E9-635B4C44BB53}.AppStore|ARM.Build.0 = Release|ARM
		{A9690904-EC23-4ED2-A7E9-635B4C44BB53}.AppStore|ARM.Deploy.0 = Release|ARM
		{A9690904-EC23-4ED2-A7E9-635B4C44BB53}.AppStore|iPhone.ActiveCfg = Release|x86
		{A9690904-EC23-4ED2-A7E9-635B4C44BB53}.AppStore|iPhone.Build.0 = Release|x86
		{A9690904-EC23-4ED2-A7E9-635B4C44BB53}.AppStore|iPhone.Deploy.0 = Release|x86
		{A9690904-EC23-4ED2-A7E9-635B4C44BB53}.AppStore|iPhoneSimulator.ActiveCfg = Release|x86
		{A9690904-EC23-4ED2-A7E9-635B4C44BB53}.AppStore|iPhoneSimulator.Build.0 = Release|x86
		{A9690904-EC23-4ED2-A7E9-635B4C44BB53}.AppStore|iPhoneSimulator.Deploy.0 = Release|x86
		{A9690904-EC23-4ED2-A7E9-635B4C44BB53}.AppStore|x64.ActiveCfg = Release|x64
		{A9690904-EC23-4ED2-A7E9-635B4C44BB53}.AppStore|x64.Build.0 = Release|x64
		{A9690904-EC23-4ED2-A7E9-635B4C44BB53}.AppStore|x64.Deploy.0 = Release|x64
		{A9690904-EC23-4ED2-A7E9-635B4C44BB53}.AppStore|x86.ActiveCfg = Release|x86
		{A9690904-EC23-4ED2-A7E9-635B4C44BB53}.AppStore|x86.Build.0 = Release|x86
		{A9690904-EC23-4ED2-A7E9-635B4C44BB53}.AppStore|x86.Deploy.0 = Release|x86
		{A9690904-EC23-4ED2-A7E9-635B4C44BB53}.Debug|Any CPU.ActiveCfg = Debug|x86
		{A9690904-EC23-4ED2-A7E9-635B4C44BB53}.Debug|ARM.ActiveCfg = Debug|ARM
		{A9690904-EC23-4ED2-A7E9-635B4C44BB53}.Debug|ARM.Build.0 = Debug|ARM
		{A9690904-EC23-4ED2-A7E9-635B4C44BB53}.Debug|ARM.Deploy.0 = Debug|ARM
		{A9690904-EC23-4ED2-A7E9-635B4C44BB53}.Debug|iPhone.ActiveCfg = Debug|x86
		{A9690904-EC23-4ED2-A7E9-635B4C44BB53}.Debug|iPhoneSimulator.ActiveCfg = Debug|x86
		{A9690904-EC23-4ED2-A7E9-635B4C44BB53}.Debug|x64.ActiveCfg = Debug|x64
		{A9690904-EC23-4ED2-A7E9-635B4C44BB53}.Debug|x64.Build.0 = Debug|x64
		{A9690904-EC23-4ED2-A7E9-635B4C44BB53}.Debug|x64.Deploy.0 = Debug|x64
		{A9690904-EC23-4ED2-A7E9-635B4C44BB53}.Debug|x86.ActiveCfg = Debug|x86
		{A9690904-EC23-4ED2-A7E9-635B4C44BB53}.Debug|x86.Build.0 = Debug|x86
		{A9690904-EC23-4ED2-A7E9-635B4C44BB53}.Debug|x86.Deploy.0 = Debug|x86
		{A9690904-EC23-4ED2-A7E9-635B4C44BB53}.Release|Any CPU.ActiveCfg = Release|x86
		{A9690904-EC23-4ED2-A7E9-635B4C44BB53}.Release|ARM.ActiveCfg = Release|ARM
		{A9690904-EC23-4ED2-A7E9-635B4C44BB53}.Release|ARM.Build.0 = Release|ARM
		{A9690904-EC23-4ED2-A7E9-635B4C44BB53}.Release|ARM.Deploy.0 = Release|ARM
		{A9690904-EC23-4ED2-A7E9-635B4C44BB53}.Release|iPhone.ActiveCfg = Release|x86
		{A9690904-EC23-4ED2-A7E9-635B4C44BB53}.Release|iPhoneSimulator.ActiveCfg = Release|x86
		{A9690904-EC23-4ED2-A7E9-635B4C44BB53}.Release|x64.ActiveCfg = Release|x64
		{A9690904-EC23-4ED2-A7E9-635B4C44BB53}.Release|x64.Build.0 = Release|x64
		{A9690904-EC23-4ED2-A7E9-635B4C44BB53}.Release|x64.Deploy.0 = Release|x64
		{A9690904-EC23-4ED2-A7E9-635B4C44BB53}.Release|x86.ActiveCfg = Release|x86
		{A9690904-EC23-4ED2-A7E9-635B4C44BB53}.Release|x86.Build.0 = Release|x86
		{A9690904-EC23-4ED2-A7E9-635B4C44BB53}.Release|x86.Deploy.0 = Release|x86
		{D390A0C9-7A66-40A1-953F-6833C2E860E2}.Ad-Hoc|Any CPU.ActiveCfg = Release|Any CPU
		{D390A0C9-7A66-40A1-953F-6833C2E860E2}.Ad-Hoc|Any CPU.Build.0 = Release|Any CPU
		{D390A0C9-7A66-40A1-953F-6833C2E860E2}.Ad-Hoc|Any CPU.Deploy.0 = Release|Any CPU
		{D390A0C9-7A66-40A1-953F-6833C2E860E2}.Ad-Hoc|ARM.ActiveCfg = Release|ARM
		{D390A0C9-7A66-40A1-953F-6833C2E860E2}.Ad-Hoc|ARM.Build.0 = Release|ARM
		{D390A0C9-7A66-40A1-953F-6833C2E860E2}.Ad-Hoc|ARM.Deploy.0 = Release|ARM
		{D390A0C9-7A66-40A1-953F-6833C2E860E2}.Ad-Hoc|iPhone.ActiveCfg = Release|Any CPU
		{D390A0C9-7A66-40A1-953F-6833C2E860E2}.Ad-Hoc|iPhone.Build.0 = Release|Any CPU
		{D390A0C9-7A66-40A1-953F-6833C2E860E2}.Ad-Hoc|iPhone.Deploy.0 = Release|Any CPU
		{D390A0C9-7A66-40A1-953F-6833C2E860E2}.Ad-Hoc|iPhoneSimulator.ActiveCfg = Release|Any CPU
		{D390A0C9-7A66-40A1-953F-6833C2E860E2}.Ad-Hoc|iPhoneSimulator.Build.0 = Release|Any CPU
		{D390A0C9-7A66-40A1-953F-6833C2E860E2}.Ad-Hoc|iPhoneSimulator.Deploy.0 = Release|Any CPU
		{D390A0C9-7A66-40A1-953F-6833C2E860E2}.Ad-Hoc|x64.ActiveCfg = Release|x64
		{D390A0C9-7A66-40A1-953F-6833C2E860E2}.Ad-Hoc|x64.Build.0 = Release|x64
		{D390A0C9-7A66-40A1-953F-6833C2E860E2}.Ad-Hoc|x64.Deploy.0 = Release|x64
		{D390A0C9-7A66-40A1-953F-6833C2E860E2}.Ad-Hoc|x86.ActiveCfg = Release|x86
		{D390A0C9-7A66-40A1-953F-6833C2E860E2}.Ad-Hoc|x86.Build.0 = Release|x86
		{D390A0C9-7A66-40A1-953F-6833C2E860E2}.Ad-Hoc|x86.Deploy.0 = Release|x86
		{D390A0C9-7A66-40A1-953F-6833C2E860E2}.AppStore|Any CPU.ActiveCfg = Release|Any CPU
		{D390A0C9-7A66-40A1-953F-6833C2E860E2}.AppStore|Any CPU.Build.0 = Release|Any CPU
		{D390A0C9-7A66-40A1-953F-6833C2E860E2}.AppStore|Any CPU.Deploy.0 = Release|Any CPU
		{D390A0C9-7A66-40A1-953F-6833C2E860E2}.AppStore|ARM.ActiveCfg = Release|ARM
		{D390A0C9-7A66-40A1-953F-6833C2E860E2}.AppStore|ARM.Build.0 = Release|ARM
		{D390A0C9-7A66-40A1-953F-6833C2E860E2}.AppStore|ARM.Deploy.0 = Release|ARM
		{D390A0C9-7A66-40A1-953F-6833C2E860E2}.AppStore|iPhone.ActiveCfg = Release|Any CPU
		{D390A0C9-7A66-40A1-953F-6833C2E860E2}.AppStore|iPhone.Build.0 = Release|Any CPU
		{D390A0C9-7A66-40A1-953F-6833C2E860E2}.AppStore|iPhone.Deploy.0 = Release|Any CPU
		{D390A0C9-7A66-40A1-953F-6833C2E860E2}.AppStore|iPhoneSimulator.ActiveCfg = Release|Any CPU
		{D390A0C9-7A66-40A1-953F-6833C2E860E2}.AppStore|iPhoneSimulator.Build.0 = Release|Any CPU
		{D390A0C9-7A66-40A1-953F-6833C2E860E2}.AppStore|iPhoneSimulator.Deploy.0 = Release|Any CPU
		{D390A0C9-7A66-40A1-953F-6833C2E860E2}.AppStore|x64.ActiveCfg = Release|x64
		{D390A0C9-7A66-40A1-953F-6833C2E860E2}.AppStore|x64.Build.0 = Release|x64
		{D390A0C9-7A66-40A1-953F-6833C2E860E2}.AppStore|x64.Deploy.0 = Release|x64
		{D390A0C9-7A66-40A1-953F-6833C2E860E2}.AppStore|x86.ActiveCfg = Release|x86
		{D390A0C9-7A66-40A1-953F-6833C2E860E2}.AppStore|x86.Build.0 = Release|x86
		{D390A0C9-7A66-40A1-953F-6833C2E860E2}.AppStore|x86.Deploy.0 = Release|x86
		{D390A0C9-7A66-40A1-953F-6833C2E860E2}.Debug|Any CPU.ActiveCfg = Debug|Any CPU
		{D390A0C9-7A66-40A1-953F-6833C2E860E2}.Debug|Any CPU.Build.0 = Debug|Any CPU
		{D390A0C9-7A66-40A1-953F-6833C2E860E2}.Debug|Any CPU.Deploy.0 = Debug|Any CPU
		{D390A0C9-7A66-40A1-953F-6833C2E860E2}.Debug|ARM.ActiveCfg = Debug|ARM
		{D390A0C9-7A66-40A1-953F-6833C2E860E2}.Debug|ARM.Build.0 = Debug|ARM
		{D390A0C9-7A66-40A1-953F-6833C2E860E2}.Debug|ARM.Deploy.0 = Debug|ARM
		{D390A0C9-7A66-40A1-953F-6833C2E860E2}.Debug|iPhone.ActiveCfg = Debug|Any CPU
		{D390A0C9-7A66-40A1-953F-6833C2E860E2}.Debug|iPhone.Build.0 = Debug|Any CPU
		{D390A0C9-7A66-40A1-953F-6833C2E860E2}.Debug|iPhone.Deploy.0 = Debug|Any CPU
		{D390A0C9-7A66-40A1-953F-6833C2E860E2}.Debug|iPhoneSimulator.ActiveCfg = Debug|Any CPU
		{D390A0C9-7A66-40A1-953F-6833C2E860E2}.Debug|iPhoneSimulator.Build.0 = Debug|Any CPU
		{D390A0C9-7A66-40A1-953F-6833C2E860E2}.Debug|iPhoneSimulator.Deploy.0 = Debug|Any CPU
		{D390A0C9-7A66-40A1-953F-6833C2E860E2}.Debug|x64.ActiveCfg = Debug|x64
		{D390A0C9-7A66-40A1-953F-6833C2E860E2}.Debug|x64.Build.0 = Debug|x64
		{D390A0C9-7A66-40A1-953F-6833C2E860E2}.Debug|x64.Deploy.0 = Debug|x64
		{D390A0C9-7A66-40A1-953F-6833C2E860E2}.Debug|x86.ActiveCfg = Debug|x86
		{D390A0C9-7A66-40A1-953F-6833C2E860E2}.Debug|x86.Build.0 = Debug|x86
		{D390A0C9-7A66-40A1-953F-6833C2E860E2}.Debug|x86.Deploy.0 = Debug|x86
		{D390A0C9-7A66-40A1-953F-6833C2E860E2}.Release|Any CPU.ActiveCfg = Release|Any CPU
		{D390A0C9-7A66-40A1-953F-6833C2E860E2}.Release|Any CPU.Build.0 = Release|Any CPU
		{D390A0C9-7A66-40A1-953F-6833C2E860E2}.Release|Any CPU.Deploy.0 = Release|Any CPU
		{D390A0C9-7A66-40A1-953F-6833C2E860E2}.Release|ARM.ActiveCfg = Release|ARM
		{D390A0C9-7A66-40A1-953F-6833C2E860E2}.Release|ARM.Build.0 = Release|ARM
		{D390A0C9-7A66-40A1-953F-6833C2E860E2}.Release|ARM.Deploy.0 = Release|ARM
		{D390A0C9-7A66-40A1-953F-6833C2E860E2}.Release|iPhone.ActiveCfg = Release|Any CPU
		{D390A0C9-7A66-40A1-953F-6833C2E860E2}.Release|iPhone.Build.0 = Release|Any CPU
		{D390A0C9-7A66-40A1-953F-6833C2E860E2}.Release|iPhone.Deploy.0 = Release|Any CPU
		{D390A0C9-7A66-40A1-953F-6833C2E860E2}.Release|iPhoneSimulator.ActiveCfg = Release|Any CPU
		{D390A0C9-7A66-40A1-953F-6833C2E860E2}.Release|iPhoneSimulator.Build.0 = Release|Any CPU
		{D390A0C9-7A66-40A1-953F-6833C2E860E2}.Release|iPhoneSimulator.Deploy.0 = Release|Any CPU
		{D390A0C9-7A66-40A1-953F-6833C2E860E2}.Release|x64.ActiveCfg = Release|x64
		{D390A0C9-7A66-40A1-953F-6833C2E860E2}.Release|x64.Build.0 = Release|x64
		{D390A0C9-7A66-40A1-953F-6833C2E860E2}.Release|x64.Deploy.0 = Release|x64
		{D390A0C9-7A66-40A1-953F-6833C2E860E2}.Release|x86.ActiveCfg = Release|x86
		{D390A0C9-7A66-40A1-953F-6833C2E860E2}.Release|x86.Build.0 = Release|x86
		{D390A0C9-7A66-40A1-953F-6833C2E860E2}.Release|x86.Deploy.0 = Release|x86
		{07958752-F61F-40A8-A18E-CB82DB17880B}.Ad-Hoc|Any CPU.ActiveCfg = Release|Any CPU
		{07958752-F61F-40A8-A18E-CB82DB17880B}.Ad-Hoc|Any CPU.Build.0 = Release|Any CPU
		{07958752-F61F-40A8-A18E-CB82DB17880B}.Ad-Hoc|Any CPU.Deploy.0 = Release|Any CPU
		{07958752-F61F-40A8-A18E-CB82DB17880B}.Ad-Hoc|ARM.ActiveCfg = Release|ARM
		{07958752-F61F-40A8-A18E-CB82DB17880B}.Ad-Hoc|ARM.Build.0 = Release|ARM
		{07958752-F61F-40A8-A18E-CB82DB17880B}.Ad-Hoc|ARM.Deploy.0 = Release|ARM
		{07958752-F61F-40A8-A18E-CB82DB17880B}.Ad-Hoc|iPhone.ActiveCfg = Release|Any CPU
		{07958752-F61F-40A8-A18E-CB82DB17880B}.Ad-Hoc|iPhone.Build.0 = Release|Any CPU
		{07958752-F61F-40A8-A18E-CB82DB17880B}.Ad-Hoc|iPhone.Deploy.0 = Release|Any CPU
		{07958752-F61F-40A8-A18E-CB82DB17880B}.Ad-Hoc|iPhoneSimulator.ActiveCfg = Release|Any CPU
		{07958752-F61F-40A8-A18E-CB82DB17880B}.Ad-Hoc|iPhoneSimulator.Build.0 = Release|Any CPU
		{07958752-F61F-40A8-A18E-CB82DB17880B}.Ad-Hoc|iPhoneSimulator.Deploy.0 = Release|Any CPU
		{07958752-F61F-40A8-A18E-CB82DB17880B}.Ad-Hoc|x64.ActiveCfg = Release|Any CPU
		{07958752-F61F-40A8-A18E-CB82DB17880B}.Ad-Hoc|x64.Build.0 = Release|Any CPU
		{07958752-F61F-40A8-A18E-CB82DB17880B}.Ad-Hoc|x64.Deploy.0 = Release|Any CPU
		{07958752-F61F-40A8-A18E-CB82DB17880B}.Ad-Hoc|x86.ActiveCfg = Release|x86
		{07958752-F61F-40A8-A18E-CB82DB17880B}.Ad-Hoc|x86.Build.0 = Release|x86
		{07958752-F61F-40A8-A18E-CB82DB17880B}.Ad-Hoc|x86.Deploy.0 = Release|x86
		{07958752-F61F-40A8-A18E-CB82DB17880B}.AppStore|Any CPU.ActiveCfg = Release|Any CPU
		{07958752-F61F-40A8-A18E-CB82DB17880B}.AppStore|Any CPU.Build.0 = Release|Any CPU
		{07958752-F61F-40A8-A18E-CB82DB17880B}.AppStore|Any CPU.Deploy.0 = Release|Any CPU
		{07958752-F61F-40A8-A18E-CB82DB17880B}.AppStore|ARM.ActiveCfg = Release|ARM
		{07958752-F61F-40A8-A18E-CB82DB17880B}.AppStore|ARM.Build.0 = Release|ARM
		{07958752-F61F-40A8-A18E-CB82DB17880B}.AppStore|ARM.Deploy.0 = Release|ARM
		{07958752-F61F-40A8-A18E-CB82DB17880B}.AppStore|iPhone.ActiveCfg = Release|Any CPU
		{07958752-F61F-40A8-A18E-CB82DB17880B}.AppStore|iPhone.Build.0 = Release|Any CPU
		{07958752-F61F-40A8-A18E-CB82DB17880B}.AppStore|iPhone.Deploy.0 = Release|Any CPU
		{07958752-F61F-40A8-A18E-CB82DB17880B}.AppStore|iPhoneSimulator.ActiveCfg = Release|Any CPU
		{07958752-F61F-40A8-A18E-CB82DB17880B}.AppStore|iPhoneSimulator.Build.0 = Release|Any CPU
		{07958752-F61F-40A8-A18E-CB82DB17880B}.AppStore|iPhoneSimulator.Deploy.0 = Release|Any CPU
		{07958752-F61F-40A8-A18E-CB82DB17880B}.AppStore|x64.ActiveCfg = Release|Any CPU
		{07958752-F61F-40A8-A18E-CB82DB17880B}.AppStore|x64.Build.0 = Release|Any CPU
		{07958752-F61F-40A8-A18E-CB82DB17880B}.AppStore|x64.Deploy.0 = Release|Any CPU
		{07958752-F61F-40A8-A18E-CB82DB17880B}.AppStore|x86.ActiveCfg = Release|x86
		{07958752-F61F-40A8-A18E-CB82DB17880B}.AppStore|x86.Build.0 = Release|x86
		{07958752-F61F-40A8-A18E-CB82DB17880B}.AppStore|x86.Deploy.0 = Release|x86
		{07958752-F61F-40A8-A18E-CB82DB17880B}.Debug|Any CPU.ActiveCfg = Debug|Any CPU
		{07958752-F61F-40A8-A18E-CB82DB17880B}.Debug|Any CPU.Build.0 = Debug|Any CPU
		{07958752-F61F-40A8-A18E-CB82DB17880B}.Debug|Any CPU.Deploy.0 = Debug|Any CPU
		{07958752-F61F-40A8-A18E-CB82DB17880B}.Debug|ARM.ActiveCfg = Debug|ARM
		{07958752-F61F-40A8-A18E-CB82DB17880B}.Debug|ARM.Build.0 = Debug|ARM
		{07958752-F61F-40A8-A18E-CB82DB17880B}.Debug|ARM.Deploy.0 = Debug|ARM
		{07958752-F61F-40A8-A18E-CB82DB17880B}.Debug|iPhone.ActiveCfg = Debug|Any CPU
		{07958752-F61F-40A8-A18E-CB82DB17880B}.Debug|iPhone.Build.0 = Debug|Any CPU
		{07958752-F61F-40A8-A18E-CB82DB17880B}.Debug|iPhone.Deploy.0 = Debug|Any CPU
		{07958752-F61F-40A8-A18E-CB82DB17880B}.Debug|iPhoneSimulator.ActiveCfg = Debug|Any CPU
		{07958752-F61F-40A8-A18E-CB82DB17880B}.Debug|iPhoneSimulator.Build.0 = Debug|Any CPU
		{07958752-F61F-40A8-A18E-CB82DB17880B}.Debug|iPhoneSimulator.Deploy.0 = Debug|Any CPU
		{07958752-F61F-40A8-A18E-CB82DB17880B}.Debug|x64.ActiveCfg = Debug|Any CPU
		{07958752-F61F-40A8-A18E-CB82DB17880B}.Debug|x64.Build.0 = Debug|Any CPU
		{07958752-F61F-40A8-A18E-CB82DB17880B}.Debug|x64.Deploy.0 = Debug|Any CPU
		{07958752-F61F-40A8-A18E-CB82DB17880B}.Debug|x86.ActiveCfg = Debug|x86
		{07958752-F61F-40A8-A18E-CB82DB17880B}.Debug|x86.Build.0 = Debug|x86
		{07958752-F61F-40A8-A18E-CB82DB17880B}.Debug|x86.Deploy.0 = Debug|x86
		{07958752-F61F-40A8-A18E-CB82DB17880B}.Release|Any CPU.ActiveCfg = Release|Any CPU
		{07958752-F61F-40A8-A18E-CB82DB17880B}.Release|Any CPU.Build.0 = Release|Any CPU
		{07958752-F61F-40A8-A18E-CB82DB17880B}.Release|Any CPU.Deploy.0 = Release|Any CPU
		{07958752-F61F-40A8-A18E-CB82DB17880B}.Release|ARM.ActiveCfg = Release|ARM
		{07958752-F61F-40A8-A18E-CB82DB17880B}.Release|ARM.Build.0 = Release|ARM
		{07958752-F61F-40A8-A18E-CB82DB17880B}.Release|ARM.Deploy.0 = Release|ARM
		{07958752-F61F-40A8-A18E-CB82DB17880B}.Release|iPhone.ActiveCfg = Release|Any CPU
		{07958752-F61F-40A8-A18E-CB82DB17880B}.Release|iPhone.Build.0 = Release|Any CPU
		{07958752-F61F-40A8-A18E-CB82DB17880B}.Release|iPhone.Deploy.0 = Release|Any CPU
		{07958752-F61F-40A8-A18E-CB82DB17880B}.Release|iPhoneSimulator.ActiveCfg = Release|Any CPU
		{07958752-F61F-40A8-A18E-CB82DB17880B}.Release|iPhoneSimulator.Build.0 = Release|Any CPU
		{07958752-F61F-40A8-A18E-CB82DB17880B}.Release|iPhoneSimulator.Deploy.0 = Release|Any CPU
		{07958752-F61F-40A8-A18E-CB82DB17880B}.Release|x64.ActiveCfg = Release|Any CPU
		{07958752-F61F-40A8-A18E-CB82DB17880B}.Release|x64.Build.0 = Release|Any CPU
		{07958752-F61F-40A8-A18E-CB82DB17880B}.Release|x64.Deploy.0 = Release|Any CPU
		{07958752-F61F-40A8-A18E-CB82DB17880B}.Release|x86.ActiveCfg = Release|x86
		{07958752-F61F-40A8-A18E-CB82DB17880B}.Release|x86.Build.0 = Release|x86
		{07958752-F61F-40A8-A18E-CB82DB17880B}.Release|x86.Deploy.0 = Release|x86
	EndGlobalSection
	GlobalSection(SolutionProperties) = preSolution
		HideSolutionNode = FALSE
	EndGlobalSection
EndGlobal
